
Microsoft Visual Studio Solution File, Format Version 12.00
# Visual Studio Version 16
VisualStudioVersion = 16.0.29306.81
MinimumVisualStudioVersion = 10.0.40219.1
Project("{FAE04EC0-301F-11D3-BF4B-00C04F79EFBC}") = "PropositionalLogicProofs", "PropositionalLogicProofs\PropositionalLogicProofs.csproj", "{F7090946-FD58-4A19-978A-CF883128986F}"
EndProject
Global
	GlobalSection(SolutionConfigurationPlatforms) = preSolution
		Debug|Any CPU = Debug|Any CPU
		Release|Any CPU = Release|Any CPU
	EndGlobalSection
	GlobalSection(ProjectConfigurationPlatforms) = postSolution
		{F7090946-FD58-4A19-978A-CF883128986F}.Debug|Any CPU.ActiveCfg = Debug|Any CPU
		{F7090946-FD58-4A19-978A-CF883128986F}.Debug|Any CPU.Build.0 = Debug|Any CPU
		{F7090946-FD58-4A19-978A-CF883128986F}.Release|Any CPU.ActiveCfg = Release|Any CPU
		{F7090946-FD58-4A19-978A-CF883128986F}.Release|Any CPU.Build.0 = Release|Any CPU
	EndGlobalSection
	GlobalSection(SolutionProperties) = preSolution
		HideSolutionNode = FALSE
	EndGlobalSection
	GlobalSection(ExtensibilityGlobals) = postSolution
		SolutionGuid = {BD3E946A-5E6C-4A77-A4B8-9BD0A696D65B}
	EndGlobalSection
EndGlobal
